
Microsoft Visual Studio Solution File, Format Version 12.00
# Visual Studio Version 17
VisualStudioVersion = 17.11.35303.130
MinimumVisualStudioVersion = 10.0.40219.1
Project("{2150E333-8FDC-42A3-9474-1A3956D46DE8}") = "Task0", "Task0", "{9D7BC940-E735-494F-B834-800F7B8D578C}"
EndProject
Project("{9A19103F-16F7-4668-BE54-9A1E7A4F7556}") = "Tyuiu.BondarevTK.Sprint3.Task0.V9", "Tyuiu.BondarevTK.Sprint3.Task0.V9\Tyuiu.BondarevTK.Sprint3.Task0.V9.csproj", "{A2376FF1-F013-4463-A856-265662A75532}"
EndProject
Project("{9A19103F-16F7-4668-BE54-9A1E7A4F7556}") = "Tyuiu.BondarevTK.Sprint3.Task0.V9.Lib", "Tyuiu.BondarevTK.Sprint3.Task0.V9.Lib\Tyuiu.BondarevTK.Sprint3.Task0.V9.Lib.csproj", "{9DB2BE68-F860-410D-BEF6-B96FB10E1C4D}"
EndProject
Project("{9A19103F-16F7-4668-BE54-9A1E7A4F7556}") = "Tyuiu.BondarevTK.Sprint3.Task0.V9.Test", "Tyuiu.BondarevTK.Sprint3.Task0.V9.Test\Tyuiu.BondarevTK.Sprint3.Task0.V9.Test.csproj", "{AE7388AC-2FAB-448A-AD7B-84CB52E49138}"
EndProject
Project("{2150E333-8FDC-42A3-9474-1A3956D46DE8}") = "Task1", "Task1", "{A56F8445-725C-4721-B2DF-88FE777F4703}"
EndProject
Project("{9A19103F-16F7-4668-BE54-9A1E7A4F7556}") = "Tyuiu.BondarevTK.Sprint3.Task1.V11", "Tyuiu.BondarevTK.Sprint3.Task1.V11\Tyuiu.BondarevTK.Sprint3.Task1.V11.csproj", "{EDC5F75A-E9CD-4DE1-B220-B7619F9C549A}"
EndProject
Project("{9A19103F-16F7-4668-BE54-9A1E7A4F7556}") = "Tyuiu.BondarevTK.Sprint3.Task1.V11.Test", "Tyuiu.BondarevTK.Sprint3.Task1.V11.Test\Tyuiu.BondarevTK.Sprint3.Task1.V11.Test.csproj", "{B5A345BD-765B-477C-BC00-984682469614}"
EndProject
Project("{9A19103F-16F7-4668-BE54-9A1E7A4F7556}") = "Tyuiu.BondarevTK.Sprint3.Task1.V11.Lib", "Tyuiu.BondarevTK.Sprint3.Task1.V11.Lib\Tyuiu.BondarevTK.Sprint3.Task1.V11.Lib.csproj", "{60398683-42E3-47EF-ADAF-1BF1CA6C7612}"
EndProject
Project("{2150E333-8FDC-42A3-9474-1A3956D46DE8}") = "Task2", "Task2", "{E7456116-9AED-47CF-967B-0F70585E7763}"
EndProject
Project("{9A19103F-16F7-4668-BE54-9A1E7A4F7556}") = "Tyuiu.BondarevTK.Sprint3.Task2.V19", "Tyuiu.BondarevTK.Sprint3.Task2.V19\Tyuiu.BondarevTK.Sprint3.Task2.V19.csproj", "{FDADE96F-6F87-4255-A5BE-7698F6406E0D}"
EndProject
Project("{9A19103F-16F7-4668-BE54-9A1E7A4F7556}") = "Tyuiu.BondarevTK.Sprint3.Task2.V19.Lib", "Tyuiu.BondarevTK.Sprint3.Task2.V19.Lib\Tyuiu.BondarevTK.Sprint3.Task2.V19.Lib.csproj", "{CF12BB8D-FD18-4135-9B21-7922562CCB70}"
EndProject
Project("{9A19103F-16F7-4668-BE54-9A1E7A4F7556}") = "Tyuiu.BondarevTK.Sprint3.Task2.V19.Test", "Tyuiu.BondarevTK.Sprint3.Task2.V19.Test\Tyuiu.BondarevTK.Sprint3.Task2.V19.Test.csproj", "{79A0994F-2FA0-457D-9085-BF3B2C98DFD3}"
EndProject
Project("{2150E333-8FDC-42A3-9474-1A3956D46DE8}") = "Task3", "Task3", "{4479E4FF-2CB6-461F-BCD9-77D8D4B96D22}"
EndProject
Project("{9A19103F-16F7-4668-BE54-9A1E7A4F7556}") = "Tyuiu.BondarevTK.Sprint3.Task3.V1", "Tyuiu.BondarevTK.Sprint3.Task3.V1\Tyuiu.BondarevTK.Sprint3.Task3.V1.csproj", "{7EBDBE72-8F6D-4216-AFD7-4F4CC5F3E252}"
EndProject
Project("{9A19103F-16F7-4668-BE54-9A1E7A4F7556}") = "Tyuiu.BondarevTK.Sprint3.Task3.V1.Test", "Tyuiu.BondarevTK.Sprint3.Task3.V1.Test\Tyuiu.BondarevTK.Sprint3.Task3.V1.Test.csproj", "{C2CF0478-58C2-417A-AEBC-49CB64B94FBB}"
EndProject
Project("{9A19103F-16F7-4668-BE54-9A1E7A4F7556}") = "Tyuiu.BondarevTK.Sprint3.Task3.V1.Lib", "Tyuiu.BondarevTK.Sprint3.Task3.V1.Lib\Tyuiu.BondarevTK.Sprint3.Task3.V1.Lib.csproj", "{8C73603A-4F35-4131-B4D6-D3870939777F}"
EndProject
Project("{2150E333-8FDC-42A3-9474-1A3956D46DE8}") = "Task4", "Task4", "{348DEFCF-C351-4814-8F1E-061AE4686078}"
EndProject
Project("{FAE04EC0-301F-11D3-BF4B-00C04F79EFBC}") = "Tyuiu.BondarevTK.Sprint3.Task4.V6", "Tyuiu.BondarevTK.Sprint3.Task4.V6\Tyuiu.BondarevTK.Sprint3.Task4.V6.csproj", "{5DDA24FB-48F7-40DF-9530-39A9F6691E57}"
EndProject
Project("{FAE04EC0-301F-11D3-BF4B-00C04F79EFBC}") = "Tyuiu.BondarevTK.Sprint3.Task4.V6.Lib", "Tyuiu.BondarevTK.Sprint3.Task4.V6.Lib\Tyuiu.BondarevTK.Sprint3.Task4.V6.Lib.csproj", "{64613675-2048-4156-8999-7C8CB7D51E60}"
EndProject
Project("{FAE04EC0-301F-11D3-BF4B-00C04F79EFBC}") = "Tyuiu.BondarevTK.Sprint3.Task4.V6.Test", "Tyuiu.BondarevTK.Sprint3.Task4.V6.Test\Tyuiu.BondarevTK.Sprint3.Task4.V6.Test.csproj", "{4D10B1CB-5A4F-4588-B40F-45A3E51156D8}"
EndProject
Project("{2150E333-8FDC-42A3-9474-1A3956D46DE8}") = "Task5", "Task5", "{D344C49C-23F6-47E2-85DB-7CC692B14D57}"
EndProject
Project("{FAE04EC0-301F-11D3-BF4B-00C04F79EFBC}") = "Tyuiu.BondarevTK.Sprint3.Task5.V4", "Tyuiu.BondarevTK.Sprint3.Task5.V4\Tyuiu.BondarevTK.Sprint3.Task5.V4.csproj", "{024FC599-22AC-45DD-B8E3-6754332955E7}"
EndProject
Project("{FAE04EC0-301F-11D3-BF4B-00C04F79EFBC}") = "Tyuiu.BondarevTK.Sprint3.Task5.V4.Test", "Tyuiu.BondarevTK.Sprint3.Task5.V4.Test\Tyuiu.BondarevTK.Sprint3.Task5.V4.Test.csproj", "{0AB271C0-D741-4C48-B681-2924AEA0BE70}"
EndProject
Project("{FAE04EC0-301F-11D3-BF4B-00C04F79EFBC}") = "Tyuiu.BondarevTK.Sprint3.Task5.V4.Lib", "Tyuiu.BondarevTK.Sprint3.Task5.V4.Lib\Tyuiu.BondarevTK.Sprint3.Task5.V4.Lib.csproj", "{BA31D05F-BCF3-4BD3-9AC2-1B23B87AE2F4}"
EndProject
Global
	GlobalSection(SolutionConfigurationPlatforms) = preSolution
		Debug|Any CPU = Debug|Any CPU
		Release|Any CPU = Release|Any CPU
	EndGlobalSection
	GlobalSection(ProjectConfigurationPlatforms) = postSolution
		{A2376FF1-F013-4463-A856-265662A75532}.Debug|Any CPU.ActiveCfg = Debug|Any CPU
		{A2376FF1-F013-4463-A856-265662A75532}.Debug|Any CPU.Build.0 = Debug|Any CPU
		{A2376FF1-F013-4463-A856-265662A75532}.Release|Any CPU.ActiveCfg = Release|Any CPU
		{A2376FF1-F013-4463-A856-265662A75532}.Release|Any CPU.Build.0 = Release|Any CPU
		{9DB2BE68-F860-410D-BEF6-B96FB10E1C4D}.Debug|Any CPU.ActiveCfg = Debug|Any CPU
		{9DB2BE68-F860-410D-BEF6-B96FB10E1C4D}.Debug|Any CPU.Build.0 = Debug|Any CPU
		{9DB2BE68-F860-410D-BEF6-B96FB10E1C4D}.Release|Any CPU.ActiveCfg = Release|Any CPU
		{9DB2BE68-F860-410D-BEF6-B96FB10E1C4D}.Release|Any CPU.Build.0 = Release|Any CPU
		{AE7388AC-2FAB-448A-AD7B-84CB52E49138}.Debug|Any CPU.ActiveCfg = Debug|Any CPU
		{AE7388AC-2FAB-448A-AD7B-84CB52E49138}.Debug|Any CPU.Build.0 = Debug|Any CPU
		{AE7388AC-2FAB-448A-AD7B-84CB52E49138}.Release|Any CPU.ActiveCfg = Release|Any CPU
		{AE7388AC-2FAB-448A-AD7B-84CB52E49138}.Release|Any CPU.Build.0 = Release|Any CPU
		{EDC5F75A-E9CD-4DE1-B220-B7619F9C549A}.Debug|Any CPU.ActiveCfg = Debug|Any CPU
		{EDC5F75A-E9CD-4DE1-B220-B7619F9C549A}.Debug|Any CPU.Build.0 = Debug|Any CPU
		{EDC5F75A-E9CD-4DE1-B220-B7619F9C549A}.Release|Any CPU.ActiveCfg = Release|Any CPU
		{EDC5F75A-E9CD-4DE1-B220-B7619F9C549A}.Release|Any CPU.Build.0 = Release|Any CPU
		{B5A345BD-765B-477C-BC00-984682469614}.Debug|Any CPU.ActiveCfg = Debug|Any CPU
		{B5A345BD-765B-477C-BC00-984682469614}.Debug|Any CPU.Build.0 = Debug|Any CPU
		{B5A345BD-765B-477C-BC00-984682469614}.Release|Any CPU.ActiveCfg = Release|Any CPU
		{B5A345BD-765B-477C-BC00-984682469614}.Release|Any CPU.Build.0 = Release|Any CPU
		{60398683-42E3-47EF-ADAF-1BF1CA6C7612}.Debug|Any CPU.ActiveCfg = Debug|Any CPU
		{60398683-42E3-47EF-ADAF-1BF1CA6C7612}.Debug|Any CPU.Build.0 = Debug|Any CPU
		{60398683-42E3-47EF-ADAF-1BF1CA6C7612}.Release|Any CPU.ActiveCfg = Release|Any CPU
		{60398683-42E3-47EF-ADAF-1BF1CA6C7612}.Release|Any CPU.Build.0 = Release|Any CPU
		{FDADE96F-6F87-4255-A5BE-7698F6406E0D}.Debug|Any CPU.ActiveCfg = Debug|Any CPU
		{FDADE96F-6F87-4255-A5BE-7698F6406E0D}.Debug|Any CPU.Build.0 = Debug|Any CPU
		{FDADE96F-6F87-4255-A5BE-7698F6406E0D}.Release|Any CPU.ActiveCfg = Release|Any CPU
		{FDADE96F-6F87-4255-A5BE-7698F6406E0D}.Release|Any CPU.Build.0 = Release|Any CPU
		{CF12BB8D-FD18-4135-9B21-7922562CCB70}.Debug|Any CPU.ActiveCfg = Debug|Any CPU
		{CF12BB8D-FD18-4135-9B21-7922562CCB70}.Debug|Any CPU.Build.0 = Debug|Any CPU
		{CF12BB8D-FD18-4135-9B21-7922562CCB70}.Release|Any CPU.ActiveCfg = Release|Any CPU
		{CF12BB8D-FD18-4135-9B21-7922562CCB70}.Release|Any CPU.Build.0 = Release|Any CPU
		{79A0994F-2FA0-457D-9085-BF3B2C98DFD3}.Debug|Any CPU.ActiveCfg = Debug|Any CPU
		{79A0994F-2FA0-457D-9085-BF3B2C98DFD3}.Debug|Any CPU.Build.0 = Debug|Any CPU
		{79A0994F-2FA0-457D-9085-BF3B2C98DFD3}.Release|Any CPU.ActiveCfg = Release|Any CPU
		{79A0994F-2FA0-457D-9085-BF3B2C98DFD3}.Release|Any CPU.Build.0 = Release|Any CPU
		{7EBDBE72-8F6D-4216-AFD7-4F4CC5F3E252}.Debug|Any CPU.ActiveCfg = Debug|Any CPU
		{7EBDBE72-8F6D-4216-AFD7-4F4CC5F3E252}.Debug|Any CPU.Build.0 = Debug|Any CPU
		{7EBDBE72-8F6D-4216-AFD7-4F4CC5F3E252}.Release|Any CPU.ActiveCfg = Release|Any CPU
		{7EBDBE72-8F6D-4216-AFD7-4F4CC5F3E252}.Release|Any CPU.Build.0 = Release|Any CPU
		{C2CF0478-58C2-417A-AEBC-49CB64B94FBB}.Debug|Any CPU.ActiveCfg = Debug|Any CPU
		{C2CF0478-58C2-417A-AEBC-49CB64B94FBB}.Debug|Any CPU.Build.0 = Debug|Any CPU
		{C2CF0478-58C2-417A-AEBC-49CB64B94FBB}.Release|Any CPU.ActiveCfg = Release|Any CPU
		{C2CF0478-58C2-417A-AEBC-49CB64B94FBB}.Release|Any CPU.Build.0 = Release|Any CPU
		{8C73603A-4F35-4131-B4D6-D3870939777F}.Debug|Any CPU.ActiveCfg = Debug|Any CPU
		{8C73603A-4F35-4131-B4D6-D3870939777F}.Debug|Any CPU.Build.0 = Debug|Any CPU
		{8C73603A-4F35-4131-B4D6-D3870939777F}.Release|Any CPU.ActiveCfg = Release|Any CPU
		{8C73603A-4F35-4131-B4D6-D3870939777F}.Release|Any CPU.Build.0 = Release|Any CPU
		{5DDA24FB-48F7-40DF-9530-39A9F6691E57}.Debug|Any CPU.ActiveCfg = Debug|Any CPU
		{5DDA24FB-48F7-40DF-9530-39A9F6691E57}.Debug|Any CPU.Build.0 = Debug|Any CPU
		{5DDA24FB-48F7-40DF-9530-39A9F6691E57}.Release|Any CPU.ActiveCfg = Release|Any CPU
		{5DDA24FB-48F7-40DF-9530-39A9F6691E57}.Release|Any CPU.Build.0 = Release|Any CPU
		{64613675-2048-4156-8999-7C8CB7D51E60}.Debug|Any CPU.ActiveCfg = Debug|Any CPU
		{64613675-2048-4156-8999-7C8CB7D51E60}.Debug|Any CPU.Build.0 = Debug|Any CPU
		{64613675-2048-4156-8999-7C8CB7D51E60}.Release|Any CPU.ActiveCfg = Release|Any CPU
		{64613675-2048-4156-8999-7C8CB7D51E60}.Release|Any CPU.Build.0 = Release|Any CPU
		{4D10B1CB-5A4F-4588-B40F-45A3E51156D8}.Debug|Any CPU.ActiveCfg = Debug|Any CPU
		{4D10B1CB-5A4F-4588-B40F-45A3E51156D8}.Debug|Any CPU.Build.0 = Debug|Any CPU
		{4D10B1CB-5A4F-4588-B40F-45A3E51156D8}.Release|Any CPU.ActiveCfg = Release|Any CPU
		{4D10B1CB-5A4F-4588-B40F-45A3E51156D8}.Release|Any CPU.Build.0 = Release|Any CPU
		{024FC599-22AC-45DD-B8E3-6754332955E7}.Debug|Any CPU.ActiveCfg = Debug|Any CPU
		{024FC599-22AC-45DD-B8E3-6754332955E7}.Debug|Any CPU.Build.0 = Debug|Any CPU
		{024FC599-22AC-45DD-B8E3-6754332955E7}.Release|Any CPU.ActiveCfg = Release|Any CPU
		{024FC599-22AC-45DD-B8E3-6754332955E7}.Release|Any CPU.Build.0 = Release|Any CPU
		{0AB271C0-D741-4C48-B681-2924AEA0BE70}.Debug|Any CPU.ActiveCfg = Debug|Any CPU
		{0AB271C0-D741-4C48-B681-2924AEA0BE70}.Debug|Any CPU.Build.0 = Debug|Any CPU
		{0AB271C0-D741-4C48-B681-2924AEA0BE70}.Release|Any CPU.ActiveCfg = Release|Any CPU
		{0AB271C0-D741-4C48-B681-2924AEA0BE70}.Release|Any CPU.Build.0 = Release|Any CPU
		{BA31D05F-BCF3-4BD3-9AC2-1B23B87AE2F4}.Debug|Any CPU.ActiveCfg = Debug|Any CPU
		{BA31D05F-BCF3-4BD3-9AC2-1B23B87AE2F4}.Debug|Any CPU.Build.0 = Debug|Any CPU
		{BA31D05F-BCF3-4BD3-9AC2-1B23B87AE2F4}.Release|Any CPU.ActiveCfg = Release|Any CPU
		{BA31D05F-BCF3-4BD3-9AC2-1B23B87AE2F4}.Release|Any CPU.Build.0 = Release|Any CPU
	EndGlobalSection
	GlobalSection(SolutionProperties) = preSolution
		HideSolutionNode = FALSE
	EndGlobalSection
	GlobalSection(NestedProjects) = preSolution
		{A2376FF1-F013-4463-A856-265662A75532} = {9D7BC940-E735-494F-B834-800F7B8D578C}
		{9DB2BE68-F860-410D-BEF6-B96FB10E1C4D} = {9D7BC940-E735-494F-B834-800F7B8D578C}
		{AE7388AC-2FAB-448A-AD7B-84CB52E49138} = {9D7BC940-E735-494F-B834-800F7B8D578C}
		{EDC5F75A-E9CD-4DE1-B220-B7619F9C549A} = {A56F8445-725C-4721-B2DF-88FE777F4703}
		{B5A345BD-765B-477C-BC00-984682469614} = {A56F8445-725C-4721-B2DF-88FE777F4703}
		{60398683-42E3-47EF-ADAF-1BF1CA6C7612} = {A56F8445-725C-4721-B2DF-88FE777F4703}
		{FDADE96F-6F87-4255-A5BE-7698F6406E0D} = {E7456116-9AED-47CF-967B-0F70585E7763}
		{CF12BB8D-FD18-4135-9B21-7922562CCB70} = {E7456116-9AED-47CF-967B-0F70585E7763}
		{79A0994F-2FA0-457D-9085-BF3B2C98DFD3} = {E7456116-9AED-47CF-967B-0F70585E7763}
		{7EBDBE72-8F6D-4216-AFD7-4F4CC5F3E252} = {4479E4FF-2CB6-461F-BCD9-77D8D4B96D22}
		{C2CF0478-58C2-417A-AEBC-49CB64B94FBB} = {4479E4FF-2CB6-461F-BCD9-77D8D4B96D22}
		{8C73603A-4F35-4131-B4D6-D3870939777F} = {4479E4FF-2CB6-461F-BCD9-77D8D4B96D22}
		{5DDA24FB-48F7-40DF-9530-39A9F6691E57} = {348DEFCF-C351-4814-8F1E-061AE4686078}
		{64613675-2048-4156-8999-7C8CB7D51E60} = {348DEFCF-C351-4814-8F1E-061AE4686078}
		{4D10B1CB-5A4F-4588-B40F-45A3E51156D8} = {348DEFCF-C351-4814-8F1E-061AE4686078}
		{024FC599-22AC-45DD-B8E3-6754332955E7} = {D344C49C-23F6-47E2-85DB-7CC692B14D57}
		{0AB271C0-D741-4C48-B681-2924AEA0BE70} = {D344C49C-23F6-47E2-85DB-7CC692B14D57}
		{BA31D05F-BCF3-4BD3-9AC2-1B23B87AE2F4} = {D344C49C-23F6-47E2-85DB-7CC692B14D57}
	EndGlobalSection
	GlobalSection(ExtensibilityGlobals) = postSolution
		SolutionGuid = {6AECA169-5C3C-49C6-B2ED-707790CC7E44}
	EndGlobalSection
EndGlobal
